// !$*UTF8*$!
{
	archiveVersion = 1;
	classes = {
	};
	objectVersion = 46;
	objects = {

/* Begin PBXBuildFile section */
		3C06CA70151E2B1200E6C9A0 /* UIKit.framework in Frameworks */ = {isa = PBXBuildFile; fileRef = 3C06CA6F151E2B1200E6C9A0 /* UIKit.framework */; };
		3C06CA72151E2B1200E6C9A0 /* Foundation.framework in Frameworks */ = {isa = PBXBuildFile; fileRef = 3C06CA71151E2B1200E6C9A0 /* Foundation.framework */; };
		3C06CA74151E2B1200E6C9A0 /* CoreGraphics.framework in Frameworks */ = {isa = PBXBuildFile; fileRef = 3C06CA73151E2B1200E6C9A0 /* CoreGraphics.framework */; };
		3C06CA7A151E2B1200E6C9A0 /* InfoPlist.strings in Resources */ = {isa = PBXBuildFile; fileRef = 3C06CA78151E2B1200E6C9A0 /* InfoPlist.strings */; };
		3C06CA7C151E2B1200E6C9A0 /* main.m in Sources */ = {isa = PBXBuildFile; fileRef = 3C06CA7B151E2B1200E6C9A0 /* main.m */; };
		3C06CA80151E2B1200E6C9A0 /* EduAppDelegate.m in Sources */ = {isa = PBXBuildFile; fileRef = 3C06CA7F151E2B1200E6C9A0 /* EduAppDelegate.m */; };
		3C06CA83151E2B1200E6C9A0 /* EduViewController.m in Sources */ = {isa = PBXBuildFile; fileRef = 3C06CA82151E2B1200E6C9A0 /* EduViewController.m */; };
		3C06CA86151E2B1200E6C9A0 /* EduViewController.xib in Resources */ = {isa = PBXBuildFile; fileRef = 3C06CA84151E2B1200E6C9A0 /* EduViewController.xib */; };
		3C06CA8D151E2B5100E6C9A0 /* User.plist in Resources */ = {isa = PBXBuildFile; fileRef = 3C06CA8C151E2B5100E6C9A0 /* User.plist */; };
/* End PBXBuildFile section */

/* Begin PBXFileReference section */
		3C06CA6B151E2B1200E6C9A0 /* PlistSample.app */ = {isa = PBXFileReference; explicitFileType = wrapper.application; includeInIndex = 0; path = PlistSample.app; sourceTree = BUILT_PRODUCTS_DIR; };
		3C06CA6F151E2B1200E6C9A0 /* UIKit.framework */ = {isa = PBXFileReference; lastKnownFileType = wrapper.framework; name = UIKit.framework; path = System/Library/Frameworks/UIKit.framework; sourceTree = SDKROOT; };
		3C06CA71151E2B1200E6C9A0 /* Foundation.framework */ = {isa = PBXFileReference; lastKnownFileType = wrapper.framework; name = Foundation.framework; path = System/Library/Frameworks/Foundation.framework; sourceTree = SDKROOT; };
		3C06CA73151E2B1200E6C9A0 /* CoreGraphics.framework */ = {isa = PBXFileReference; lastKnownFileType = wrapper.framework; name = CoreGraphics.framework; path = System/Library/Frameworks/CoreGraphics.framework; sourceTree = SDKROOT; };
		3C06CA77151E2B1200E6C9A0 /* PlistSample-Info.plist */ = {isa = PBXFileReference; lastKnownFileType = text.plist.xml; path = "PlistSample-Info.plist"; sourceTree = "<group>"; };
		3C06CA79151E2B1200E6C9A0 /* en */ = {isa = PBXFileReference; lastKnownFileType = text.plist.strings; name = en; path = en.lproj/InfoPlist.strings; sourceTree = "<group>"; };
		3C06CA7B151E2B1200E6C9A0 /* main.m */ = {isa = PBXFileReference; lastKnownFileType = sourcecode.c.objc; path = main.m; sourceTree = "<group>"; };
		3C06CA7D151E2B1200E6C9A0 /* PlistSample-Prefix.pch */ = {isa = PBXFileReference; lastKnownFileType = sourcecode.c.h; path = "PlistSample-Prefix.pch"; sourceTree = "<group>"; };
		3C06CA7E151E2B1200E6C9A0 /* EduAppDelegate.h */ = {isa = PBXFileReference; lastKnownFileType = sourcecode.c.h; path = EduAppDelegate.h; sourceTree = "<group>"; };
		3C06CA7F151E2B1200E6C9A0 /* EduAppDelegate.m */ = {isa = PBXFileReference; lastKnownFileType = sourcecode.c.objc; path = EduAppDelegate.m; sourceTree = "<group>"; };
		3C06CA81151E2B1200E6C9A0 /* EduViewController.h */ = {isa = PBXFileReference; lastKnownFileType = sourcecode.c.h; path = EduViewController.h; sourceTree = "<group>"; };
		3C06CA82151E2B1200E6C9A0 /* EduViewController.m */ = {isa = PBXFileReference; lastKnownFileType = sourcecode.c.objc; path = EduViewController.m; sourceTree = "<group>"; };
		3C06CA85151E2B1200E6C9A0 /* en */ = {isa = PBXFileReference; lastKnownFileType = file.xib; name = en; path = en.lproj/EduViewController.xib; sourceTree = "<group>"; };
		3C06CA8C151E2B5100E6C9A0 /* User.plist */ = {isa = PBXFileReference; fileEncoding = 4; lastKnownFileType = text.plist.xml; path = User.plist; sourceTree = "<group>"; };
/* End PBXFileReference section */

/* Begin PBXFrameworksBuildPhase section */
		3C06CA68151E2B1200E6C9A0 /* Frameworks */ = {
			isa = PBXFrameworksBuildPhase;
			buildActionMask = 2147483647;
			files = (
				3C06CA70151E2B1200E6C9A0 /* UIKit.framework in Frameworks */,
				3C06CA72151E2B1200E6C9A0 /* Foundation.framework in Frameworks */,
				3C06CA74151E2B1200E6C9A0 /* CoreGraphics.framework in Frameworks */,
			);
			runOnlyForDeploymentPostprocessing = 0;
		};
/* End PBXFrameworksBuildPhase section */

/* Begin PBXGroup section */
		3C06CA60151E2B1200E6C9A0 = {
			isa = PBXGroup;
			children = (
				3C06CA75151E2B1200E6C9A0 /* PlistSample */,
				3C06CA6E151E2B1200E6C9A0 /* Frameworks */,
				3C06CA6C151E2B1200E6C9A0 /* Products */,
			);
			sourceTree = "<group>";
		};
		3C06CA6C151E2B1200E6C9A0 /* Products */ = {
			isa = PBXGroup;
			children = (
				3C06CA6B151E2B1200E6C9A0 /* PlistSample.app */,
			);
			name = Products;
			sourceTree = "<group>";
		};
		3C06CA6E151E2B1200E6C9A0 /* Frameworks */ = {
			isa = PBXGroup;
			children = (
				3C06CA6F151E2B1200E6C9A0 /* UIKit.framework */,
				3C06CA71151E2B1200E6C9A0 /* Foundation.framework */,
				3C06CA73151E2B1200E6C9A0 /* CoreGraphics.framework */,
			);
			name = Frameworks;
			sourceTree = "<group>";
		};
		3C06CA75151E2B1200E6C9A0 /* PlistSample */ = {
			isa = PBXGroup;
			children = (
				3C06CA7E151E2B1200E6C9A0 /* EduAppDelegate.h */,
				3C06CA7F151E2B1200E6C9A0 /* EduAppDelegate.m */,
				3C06CA81151E2B1200E6C9A0 /* EduViewController.h */,
				3C06CA82151E2B1200E6C9A0 /* EduViewController.m */,
				3C06CA84151E2B1200E6C9A0 /* EduViewController.xib */,
				3C06CA76151E2B1200E6C9A0 /* Supporting Files */,
				3C06CA8C151E2B5100E6C9A0 /* User.plist */,
			);
			path = PlistSample;
			sourceTree = "<group>";
		};
		3C06CA76151E2B1200E6C9A0 /* Supporting Files */ = {
			isa = PBXGroup;
			children = (
				3C06CA77151E2B1200E6C9A0 /* PlistSample-Info.plist */,
				3C06CA78151E2B1200E6C9A0 /* InfoPlist.strings */,
				3C06CA7B151E2B1200E6C9A0 /* main.m */,
				3C06CA7D151E2B1200E6C9A0 /* PlistSample-Prefix.pch */,
			);
			name = "Supporting Files";
			sourceTree = "<group>";
		};
/* End PBXGroup section */

/* Begin PBXNativeTarget section */
		3C06CA6A151E2B1200E6C9A0 /* PlistSample */ = {
			isa = PBXNativeTarget;
			buildConfigurationList = 3C06CA89151E2B1200E6C9A0 /* Build configuration list for PBXNativeTarget "PlistSample" */;
			buildPhases = (
				3C06CA67151E2B1200E6C9A0 /* Sources */,
				3C06CA68151E2B1200E6C9A0 /* Frameworks */,
				3C06CA69151E2B1200E6C9A0 /* Resources */,
			);
			buildRules = (
			);
			dependencies = (
			);
			name = PlistSample;
			productName = PlistSample;
			productReference = 3C06CA6B151E2B1200E6C9A0 /* PlistSample.app */;
			productType = "com.apple.product-type.application";
		};
/* End PBXNativeTarget section */

/* Begin PBXProject section */
		3C06CA62151E2B1200E6C9A0 /* Project object */ = {
			isa = PBXProject;
			attributes = {
				CLASSPREFIX = Edu;
				LastUpgradeCheck = 0430;
				ORGANIZATIONNAME = "i2 Mobile Solutions";
			};
			buildConfigurationList = 3C06CA65151E2B1200E6C9A0 /* Build configuration list for PBXProject "PlistSample" */;
			compatibilityVersion = "Xcode 3.2";
			developmentRegion = English;
			hasScannedForEncodings = 0;
			knownRegions = (
				en,
			);
			mainGroup = 3C06CA60151E2B1200E6C9A0;
			productRefGroup = 3C06CA6C151E2B1200E6C9A0 /* Products */;
			projectDirPath = "";
			projectRoot = "";
			targets = (
				3C06CA6A151E2B1200E6C9A0 /* PlistSample */,
			);
		};
/* End PBXProject section */

/* Begin PBXResourcesBuildPhase section */
		3C06CA69151E2B1200E6C9A0 /* Resources */ = {
			isa = PBXResourcesBuildPhase;
			buildActionMask = 2147483647;
			files = (
				3C06CA7A151E2B1200E6C9A0 /* InfoPlist.strings in Resources */,
				3C06CA86151E2B1200E6C9A0 /* EduViewController.xib in Resources */,
				3C06CA8D151E2B5100E6C9A0 /* User.plist in Resources */,
			);
			runOnlyForDeploymentPostprocessing = 0;
		};
/* End PBXResourcesBuildPhase section */

/* Begin PBXSourcesBuildPhase section */
		3C06CA67151E2B1200E6C9A0 /* Sources */ = {
			isa = PBXSourcesBuildPhase;
			buildActionMask = 2147483647;
			files = (
				3C06CA7C151E2B1200E6C9A0 /* main.m in Sources */,
				3C06CA80151E2B1200E6C9A0 /* EduAppDelegate.m in Sources */,
				3C06CA83151E2B1200E6C9A0 /* EduViewController.m in Sources */,
			);
			runOnlyForDeploymentPostprocessing = 0;
		};
/* End PBXSourcesBuildPhase section */

/* Begin PBXVariantGroup section */
		3C06CA78151E2B1200E6C9A0 /* InfoPlist.strings */ = {
			isa = PBXVariantGroup;
			children = (
				3C06CA79151E2B1200E6C9A0 /* en */,
			);
			name = InfoPlist.strings;
			sourceTree = "<group>";
		};
		3C06CA84151E2B1200E6C9A0 /* EduViewController.xib */ = {
			isa = PBXVariantGroup;
			children = (
				3C06CA85151E2B1200E6C9A0 /* en */,
			);
			name = EduViewController.xib;
			sourceTree = "<group>";
		};
/* End PBXVariantGroup section */

/* Begin XCBuildConfiguration section */
		3C06CA87151E2B1200E6C9A0 /* Debug */ = {
			isa = XCBuildConfiguration;
			buildSettings = {
				ALWAYS_SEARCH_USER_PATHS = NO;
				ARCHS = "$(ARCHS_STANDARD_32_BIT)";
				CLANG_ENABLE_OBJC_ARC = YES;
				"CODE_SIGN_IDENTITY[sdk=iphoneos*]" = "iPhone Developer";
				COPY_PHASE_STRIP = NO;
				GCC_C_LANGUAGE_STANDARD = gnu99;
				GCC_DYNAMIC_NO_PIC = NO;
				GCC_OPTIMIZATION_LEVEL = 0;
				GCC_PREPROCESSOR_DEFINITIONS = (
					"DEBUG=1",
					"$(inherited)",
				);
				GCC_SYMBOLS_PRIVATE_EXTERN = NO;
				GCC_VERSION = com.apple.compilers.llvm.clang.1_0;
				GCC_WARN_ABOUT_RETURN_TYPE = YES;
				GCC_WARN_UNINITIALIZED_AUTOS = YES;
				GCC_WARN_UNUSED_VARIABLE = YES;
				IPHONEOS_DEPLOYMENT_TARGET = 5.1;
				SDKROOT = iphoneos;
			};
			name = Debug;
		};
		3C06CA88151E2B1200E6C9A0 /* Release */ = {
			isa = XCBuildConfiguration;
			buildSettings = {
				ALWAYS_SEARCH_USER_PATHS = NO;
				ARCHS = "$(ARCHS_STANDARD_32_BIT)";
				CLANG_ENABLE_OBJC_ARC = YES;
				"CODE_SIGN_IDENTITY[sdk=iphoneos*]" = "iPhone Developer";
				COPY_PHASE_STRIP = YES;
				GCC_C_LANGUAGE_STANDARD = gnu99;
				GCC_VERSION = com.apple.compilers.llvm.clang.1_0;
				GCC_WARN_ABOUT_RETURN_TYPE = YES;
				GCC_WARN_UNINITIALIZED_AUTOS = YES;
				GCC_WARN_UNUSED_VARIABLE = YES;
				IPHONEOS_DEPLOYMENT_TARGET = 5.1;
				OTHER_CFLAGS = "-DNS_BLOCK_ASSERTIONS=1";
				SDKROOT = iphoneos;
				VALIDATE_PRODUCT = YES;
			};
			name = Release;
		};
		3C06CA8A151E2B1200E6C9A0 /* Debug */ = {
			isa = XCBuildConfiguration;
			buildSettings = {
				GCC_PRECOMPILE_PREFIX_HEADER = YES;
				GCC_PREFIX_HEADER = "PlistSample/PlistSample-Prefix.pch";
				INFOPLIST_FILE = "PlistSample/PlistSample-Info.plist";
				PRODUCT_NAME = "$(TARGET_NAME)";
				WRAPPER_EXTENSION = app;
			};
			name = Debug;
		};
		3C06CA8B151E2B1200E6C9A0 /* Release */ = {
			isa = XCBuildConfiguration;
			buildSettings = {
				GCC_PRECOMPILE_PREFIX_HEADER = YES;
				GCC_PREFIX_HEADER = "PlistSample/PlistSample-Prefix.pch";
				INFOPLIST_FILE = "PlistSample/PlistSample-Info.plist";
				PRODUCT_NAME = "$(TARGET_NAME)";
				WRAPPER_EXTENSION = app;
			};
			name = Release;
		};
/* End XCBuildConfiguration section */

/* Begin XCConfigurationList section */
		3C06CA65151E2B1200E6C9A0 /* Build configuration list for PBXProject "PlistSample" */ = {
			isa = XCConfigurationList;
			buildConfigurations = (
				3C06CA87151E2B1200E6C9A0 /* Debug */,
				3C06CA88151E2B1200E6C9A0 /* Release */,
			);
			defaultConfigurationIsVisible = 0;
			defaultConfigurationName = Release;
		};
		3C06CA89151E2B1200E6C9A0 /* Build configuration list for PBXNativeTarget "PlistSample" */ = {
			isa = XCConfigurationList;
			buildConfigurations = (
				3C06CA8A151E2B1200E6C9A0 /* Debug */,
				3C06CA8B151E2B1200E6C9A0 /* Release */,
			);
			defaultConfigurationIsVisible = 0;
		};
/* End XCConfigurationList section */
	};
	rootObject = 3C06CA62151E2B1200E6C9A0 /* Project object */;
}
